
Microsoft Visual Studio Solution File, Format Version 12.00
# Visual Studio 15
VisualStudioVersion = 15.0.27130.2027
MinimumVisualStudioVersion = 10.0.40219.1
Project("{FAE04EC0-301F-11D3-BF4B-00C04F79EFBC}") = "ApiMemoryCache", "ApiMemoryCache\ApiMemoryCache.csproj", "{FF589DA0-BCDE-48AB-9D32-2FE153ABE4DA}"
EndProject
Global
	GlobalSection(SolutionConfigurationPlatforms) = preSolution
		Debug|Any CPU = Debug|Any CPU
		Release|Any CPU = Release|Any CPU
	EndGlobalSection
	GlobalSection(ProjectConfigurationPlatforms) = postSolution
		{FF589DA0-BCDE-48AB-9D32-2FE153ABE4DA}.Debug|Any CPU.ActiveCfg = Debug|Any CPU
		{FF589DA0-BCDE-48AB-9D32-2FE153ABE4DA}.Debug|Any CPU.Build.0 = Debug|Any CPU
		{FF589DA0-BCDE-48AB-9D32-2FE153ABE4DA}.Release|Any CPU.ActiveCfg = Release|Any CPU
		{FF589DA0-BCDE-48AB-9D32-2FE153ABE4DA}.Release|Any CPU.Build.0 = Release|Any CPU
	EndGlobalSection
	GlobalSection(SolutionProperties) = preSolution
		HideSolutionNode = FALSE
	EndGlobalSection
	GlobalSection(ExtensibilityGlobals) = postSolution
		SolutionGuid = {83D98610-7B04-49CA-A9C7-65B1CC833AC3}
	EndGlobalSection
EndGlobal
